
Microsoft Visual Studio Solution File, Format Version 12.00
# Visual Studio Version 16
VisualStudioVersion = 16.0.29009.5
MinimumVisualStudioVersion = 10.0.40219.1
Project("{FAE04EC0-301F-11D3-BF4B-00C04F79EFBC}") = "OrusEvents", "OrusEvents\OrusEvents.csproj", "{2F117AEC-2745-4ACC-9267-028EEB552577}"
EndProject
Global
	GlobalSection(SolutionConfigurationPlatforms) = preSolution
		Debug|Any CPU = Debug|Any CPU
		Release|Any CPU = Release|Any CPU
	EndGlobalSection
	GlobalSection(ProjectConfigurationPlatforms) = postSolution
		{2F117AEC-2745-4ACC-9267-028EEB552577}.Debug|Any CPU.ActiveCfg = Debug|Any CPU
		{2F117AEC-2745-4ACC-9267-028EEB552577}.Debug|Any CPU.Build.0 = Debug|Any CPU
		{2F117AEC-2745-4ACC-9267-028EEB552577}.Release|Any CPU.ActiveCfg = Release|Any CPU
		{2F117AEC-2745-4ACC-9267-028EEB552577}.Release|Any CPU.Build.0 = Release|Any CPU
	EndGlobalSection
	GlobalSection(SolutionProperties) = preSolution
		HideSolutionNode = FALSE
	EndGlobalSection
	GlobalSection(ExtensibilityGlobals) = postSolution
		SolutionGuid = {08DB8236-D899-45D5-B686-DACA4AA9A2D5}
	EndGlobalSection
EndGlobal
